
Microsoft Visual Studio Solution File, Format Version 12.00
# Visual Studio 15
VisualStudioVersion = 15.0.28307.1145
MinimumVisualStudioVersion = 10.0.40219.1
Project("{FAE04EC0-301F-11D3-BF4B-00C04F79EFBC}") = "Lab11", "Lab11\Lab11.csproj", "{FFD7CDDE-6156-4267-99EB-B053C4513E30}"
EndProject
Global
	GlobalSection(SolutionConfigurationPlatforms) = preSolution
		Debug|Any CPU = Debug|Any CPU
		Release|Any CPU = Release|Any CPU
	EndGlobalSection
	GlobalSection(ProjectConfigurationPlatforms) = postSolution
		{FFD7CDDE-6156-4267-99EB-B053C4513E30}.Debug|Any CPU.ActiveCfg = Debug|Any CPU
		{FFD7CDDE-6156-4267-99EB-B053C4513E30}.Debug|Any CPU.Build.0 = Debug|Any CPU
		{FFD7CDDE-6156-4267-99EB-B053C4513E30}.Release|Any CPU.ActiveCfg = Release|Any CPU
		{FFD7CDDE-6156-4267-99EB-B053C4513E30}.Release|Any CPU.Build.0 = Release|Any CPU
	EndGlobalSection
	GlobalSection(SolutionProperties) = preSolution
		HideSolutionNode = FALSE
	EndGlobalSection
	GlobalSection(ExtensibilityGlobals) = postSolution
		SolutionGuid = {75BB1D4E-A645-4C30-A206-437879230FE3}
	EndGlobalSection
EndGlobal
